<?xml version="1.0" encoding="utf-8"?>
<Project ToolsVersion="4.0" xmlns="http://schemas.microsoft.com/developer/msbuild/2003">
  <ItemGroup>
    <Filter Include="Source Files">
      <UniqueIdentifier>{4FC737F1-C7A5-4376-A066-2A32D752A2FF}</UniqueIdentifier>
      <Extensions>cpp;c;cc;cxx;c++;def;odl;idl;hpj;bat;asm;asmx</Extensions>
    </Filter>
    <Filter Include="Header Files">
      <UniqueIdentifier>{93995380-89BD-4b04-88EB-625FBE52EBFB}</UniqueIdentifier>
      <Extensions>h;hh;hpp;hxx;h++;hm;inl;inc;ipp;xsd</Extensions>
    </Filter>
    <Filter Include="Resource Files">
      <UniqueIdentifier>{67DA6AB6-F800-4c08-8B7A-83BB121AAD01}</UniqueIdentifier>
      <Extensions>rc;ico;cur;bmp;dlg;rc2;rct;bin;rgs;gif;jpg;jpeg;jpe;resx;tiff;tif;png;wav;mfcribbon-ms</Extensions>
    </Filter>
  </ItemGroup>
  <ItemGroup>
    <ClInclude Include="Trees\Tree.h">
      <Filter>Header Files</Filter>
    </ClInclude>
    <ClInclude Include="Trees\Node.h">
      <Filter>Header Files</Filter>
    </ClInclude>
    <ClInclude Include="CollisionDetection\BroadPhase.h">
      <Filter>Header Files</Filter>
    </ClInclude>
    <ClInclude Include="Collidables\CollidableReference.h">
      <Filter>Header Files</Filter>
    </ClInclude>
    <ClInclude Include="Handles.h">
      <Filter>Header Files</Filter>
    </ClInclude>
    <ClInclude Include="Collidables\Shapes.h">
      <Filter>Header Files</Filter>
    </ClInclude>
    <ClInclude Include="Collidables\BodyProperties.h">
      <Filter>Header Files</Filter>
    </ClInclude>
    <ClInclude Include="CepuPhysicsPCH.h">
      <Filter>Header Files</Filter>
    </ClInclude>
    <ClInclude Include="Collidables\Box.h">
      <Filter>Header Files</Filter>
    </ClInclude>
    <ClInclude Include="Collidables\IShape.h">
      <Filter>Header Files</Filter>
    </ClInclude>
    <ClInclude Include="Collidables\TypedIndex.h">
      <Filter>Header Files</Filter>
    </ClInclude>
    <ClInclude Include="BodySet.h">
      <Filter>Header Files</Filter>
    </ClInclude>
    <ClInclude Include="Collidables\Collidable.h">
      <Filter>Header Files</Filter>
    </ClInclude>
    <ClInclude Include="BodyDescription.h">
      <Filter>Header Files</Filter>
    </ClInclude>
    <ClInclude Include="Collidables\CollidableDescription.h">
      <Filter>Header Files</Filter>
    </ClInclude>
    <ClInclude Include="Bodies.h">
      <Filter>Header Files</Filter>
    </ClInclude>
    <ClInclude Include="BodyReference.h">
      <Filter>Header Files</Filter>
    </ClInclude>
    <ClInclude Include="BodyMemoryLocation.h">
      <Filter>Header Files</Filter>
    </ClInclude>
    <ClInclude Include="Trees\Tree_BinnedRefine.h">
      <Filter>Header Files</Filter>
    </ClInclude>
    <ClInclude Include="Trees\Tree_RefineCommon.h">
      <Filter>Header Files</Filter>
    </ClInclude>
    <ClInclude Include="CollisionDetection\CollidableOverlapFinder.h">
      <Filter>Header Files</Filter>
    </ClInclude>
    <ClInclude Include="Trees\Tree_SelfQueries.h">
      <Filter>Header Files</Filter>
    </ClInclude>
    <ClInclude Include="CollisionDetection\NarrowPhase.h">
      <Filter>Header Files</Filter>
    </ClInclude>
    <ClInclude Include="CollisionDetection\WorkerPairCache.h">
      <Filter>Header Files</Filter>
    </ClInclude>
    <ClInclude Include="CollisionDetection\UntypedList.h">
      <Filter>Header Files</Filter>
    </ClInclude>
  </ItemGroup>
  <ItemGroup>
    <ClCompile Include="Trees\Tree.cpp">
      <Filter>Source Files</Filter>
    </ClCompile>
    <ClCompile Include="Collidables\CollidableReference.cpp">
      <Filter>Source Files</Filter>
    </ClCompile>
    <ClCompile Include="CollisionDetection\BroadPhase.cpp">
      <Filter>Source Files</Filter>
    </ClCompile>
    <ClCompile Include="Trees\Tree_Remove.cpp">
      <Filter>Source Files</Filter>
    </ClCompile>
    <ClCompile Include="Trees\Tree_Refit.cpp">
      <Filter>Source Files</Filter>
    </ClCompile>
    <ClCompile Include="Collidables\Shapes.cpp">
      <Filter>Source Files</Filter>
    </ClCompile>
    <ClCompile Include="Collidables\BodyProperties.cpp">
      <Filter>Source Files</Filter>
    </ClCompile>
    <ClCompile Include="CepuPhysicsPCH.cpp">
      <Filter>Source Files</Filter>
    </ClCompile>
    <ClCompile Include="Collidables\Box.cpp">
      <Filter>Source Files</Filter>
    </ClCompile>
    <ClCompile Include="BodySet.cpp">
      <Filter>Source Files</Filter>
    </ClCompile>
    <ClCompile Include="Bodies.cpp">
      <Filter>Source Files</Filter>
    </ClCompile>
    <ClCompile Include="BodyReference.cpp">
      <Filter>Source Files</Filter>
    </ClCompile>
    <ClCompile Include="Trees\Tree_BinnedRefine.cpp">
      <Filter>Source Files</Filter>
    </ClCompile>
    <ClCompile Include="Trees\Tree_RefineCommon.cpp">
      <Filter>Source Files</Filter>
    </ClCompile>
    <ClCompile Include="Trees\Tree_RefinementScheduling.cpp">
      <Filter>Source Files</Filter>
    </ClCompile>
    <ClCompile Include="Trees\Tree_CacheOptimizer.cpp">
      <Filter>Source Files</Filter>
    </ClCompile>
    <ClCompile Include="Trees\Tree_SelfQueries.cpp">
      <Filter>Source Files</Filter>
    </ClCompile>
    <ClCompile Include="CollisionDetection\UntypedList.cpp">
      <Filter>Source Files</Filter>
    </ClCompile>
  </ItemGroup>
</Project>